
Microsoft Visual Studio Solution File, Format Version 12.00
# Visual Studio Version 16
VisualStudioVersion = 16.0.29411.108
MinimumVisualStudioVersion = 10.0.40219.1
Project("{FAE04EC0-301F-11D3-BF4B-00C04F79EFBC}") = "ManagedWifi", "ManagedWifi.csproj", "{FC3CDC32-39C4-4940-AD88-22102FEA770D}"
EndProject
Project("{FAE04EC0-301F-11D3-BF4B-00C04F79EFBC}") = "WifiExample", "..\WifiExample\WifiExample.csproj", "{3BF8C7B3-897C-4729-AB78-8A784B56E643}"
EndProject
Project("{2150E333-8FDC-42A3-9474-1A3956D46DE8}") = "Solution Items", "Solution Items", "{A7CD445C-19F6-4CB2-A817-2EE903AA4CAE}"
	ProjectSection(SolutionItems) = preProject
		..\README.md = ..\README.md
	EndProjectSection
EndProject
Global
	GlobalSection(SolutionConfigurationPlatforms) = preSolution
		Debug|Any CPU = Debug|Any CPU
		Release|Any CPU = Release|Any CPU
	EndGlobalSection
	GlobalSection(ProjectConfigurationPlatforms) = postSolution
		{FC3CDC32-39C4-4940-AD88-22102FEA770D}.Debug|Any CPU.ActiveCfg = Debug|Any CPU
		{FC3CDC32-39C4-4940-AD88-22102FEA770D}.Debug|Any CPU.Build.0 = Debug|Any CPU
		{FC3CDC32-39C4-4940-AD88-22102FEA770D}.Release|Any CPU.ActiveCfg = Release|Any CPU
		{FC3CDC32-39C4-4940-AD88-22102FEA770D}.Release|Any CPU.Build.0 = Release|Any CPU
		{3BF8C7B3-897C-4729-AB78-8A784B56E643}.Debug|Any CPU.ActiveCfg = Debug|Any CPU
		{3BF8C7B3-897C-4729-AB78-8A784B56E643}.Debug|Any CPU.Build.0 = Debug|Any CPU
		{3BF8C7B3-897C-4729-AB78-8A784B56E643}.Release|Any CPU.ActiveCfg = Release|Any CPU
		{3BF8C7B3-897C-4729-AB78-8A784B56E643}.Release|Any CPU.Build.0 = Release|Any CPU
	EndGlobalSection
	GlobalSection(SolutionProperties) = preSolution
		HideSolutionNode = FALSE
	EndGlobalSection
	GlobalSection(ExtensibilityGlobals) = postSolution
		SolutionGuid = {77419758-4B0B-4080-B6D2-264AAF202FEF}
	EndGlobalSection
EndGlobal
